# @generated by Move, please check-in and do not edit manually.

[move]
version = 3
manifest_digest = "238AA0CE9EE5856A2A5182B547A401A87C8F753A31B75C2A687AD267B1812284"
deps_digest = "F8BBB0CCB2491CA29A3DF03D6F92277A4F3574266507ACD77214D37ECA3F3082"
dependencies = [
  { id = "Sui", name = "Sui" },
]

[[move.package]]
id = "MoveStdlib"
source = { git = "https://github.com/MystenLabs/sui.git", rev = "framework/testnet", subdir = "crates/sui-framework/packages/move-stdlib" }

[[move.package]]
id = "Sui"
source = { git = "https://github.com/MystenLabs/sui.git", rev = "framework/testnet", subdir = "crates/sui-framework/packages/sui-framework" }

dependencies = [
  { id = "MoveStdlib", name = "MoveStdlib" },
]

[move.toolchain-version]
compiler-version = "1.53.2"
edition = "2024.beta"
flavor = "sui"

[env]

[env.testnet]
chain-id = "4c78adac"
original-published-id = "0x1f668fd670678b4849d269b2f60229d40aa998a6ff70ac984ea790bdba5c396e"
latest-published-id = "0x1f668fd670678b4849d269b2f60229d40aa998a6ff70ac984ea790bdba5c396e"
published-version = "1"

[env.mainnet]
chain-id = "35834a8a"
original-published-id = "0xdcce259374ee87d79da1ce4f43a6eb96804a57f8a510c4d653ec4f523c7c6db4"
latest-published-id = "0xdcce259374ee87d79da1ce4f43a6eb96804a57f8a510c4d653ec4f523c7c6db4"
published-version = "1"
